
Microsoft Visual Studio Solution File, Format Version 12.00
# Visual Studio Version 16
VisualStudioVersion = 16.0.29519.87
MinimumVisualStudioVersion = 10.0.40219.1
Project("{FAE04EC0-301F-11D3-BF4B-00C04F79EFBC}") = "Avanssur.Automation.ApiTests", "Avanssur.Automation.ApiTests\Avanssur.Automation.ApiTests.csproj", "{D4906656-A89F-4564-B883-1E5543EA10AE}"
EndProject
Project("{FAE04EC0-301F-11D3-BF4B-00C04F79EFBC}") = "Avanssur.Automation.Utils", "Avanssur.Automation.Utils\Avanssur.Automation.Utils.csproj", "{F421CB49-6FB8-4024-8E4B-AFCC39063508}"
EndProject
Project("{FAE04EC0-301F-11D3-BF4B-00C04F79EFBC}") = "Avanssur.Automation.GuiTests", "Avanssur.Automation.GuiTests\Avanssur.Automation.GuiTests.csproj", "{BA80F6B8-6F85-4744-B0E7-5F5EAD93FB42}"
EndProject
Global
	GlobalSection(SolutionConfigurationPlatforms) = preSolution
		Debug|Any CPU = Debug|Any CPU
		Release|Any CPU = Release|Any CPU
	EndGlobalSection
	GlobalSection(ProjectConfigurationPlatforms) = postSolution
		{D4906656-A89F-4564-B883-1E5543EA10AE}.Debug|Any CPU.ActiveCfg = Debug|Any CPU
		{D4906656-A89F-4564-B883-1E5543EA10AE}.Debug|Any CPU.Build.0 = Debug|Any CPU
		{D4906656-A89F-4564-B883-1E5543EA10AE}.Release|Any CPU.ActiveCfg = Release|Any CPU
		{D4906656-A89F-4564-B883-1E5543EA10AE}.Release|Any CPU.Build.0 = Release|Any CPU
		{F421CB49-6FB8-4024-8E4B-AFCC39063508}.Debug|Any CPU.ActiveCfg = Debug|Any CPU
		{F421CB49-6FB8-4024-8E4B-AFCC39063508}.Debug|Any CPU.Build.0 = Debug|Any CPU
		{F421CB49-6FB8-4024-8E4B-AFCC39063508}.Release|Any CPU.ActiveCfg = Release|Any CPU
		{F421CB49-6FB8-4024-8E4B-AFCC39063508}.Release|Any CPU.Build.0 = Release|Any CPU
		{BA80F6B8-6F85-4744-B0E7-5F5EAD93FB42}.Debug|Any CPU.ActiveCfg = Debug|Any CPU
		{BA80F6B8-6F85-4744-B0E7-5F5EAD93FB42}.Debug|Any CPU.Build.0 = Debug|Any CPU
		{BA80F6B8-6F85-4744-B0E7-5F5EAD93FB42}.Release|Any CPU.ActiveCfg = Release|Any CPU
		{BA80F6B8-6F85-4744-B0E7-5F5EAD93FB42}.Release|Any CPU.Build.0 = Release|Any CPU
	EndGlobalSection
	GlobalSection(SolutionProperties) = preSolution
		HideSolutionNode = FALSE
	EndGlobalSection
	GlobalSection(ExtensibilityGlobals) = postSolution
		SolutionGuid = {FFF58477-C053-4E93-BB3B-49C598F69496}
	EndGlobalSection
EndGlobal
